// !$*UTF8*$!
{
	archiveVersion = 1;
	classes = {
	};
	objectVersion = 77;
	objects = {

/* Begin PBXContainerItemProxy section */
		928B0BCD2D78EC69003E1018 /* PBXContainerItemProxy */ = {
			isa = PBXContainerItemProxy;
			containerPortal = 928B0BAE2D78EC67003E1018 /* Project object */;
			proxyType = 1;
			remoteGlobalIDString = 928B0BB52D78EC67003E1018;
			remoteInfo = AwakenMe;
		};
		928B0BD72D78EC69003E1018 /* PBXContainerItemProxy */ = {
			isa = PBXContainerItemProxy;
			containerPortal = 928B0BAE2D78EC67003E1018 /* Project object */;
			proxyType = 1;
			remoteGlobalIDString = 928B0BB52D78EC67003E1018;
			remoteInfo = AwakenMe;
		};
/* End PBXContainerItemProxy section */

/* Begin PBXFileReference section */
		928B0BB62D78EC67003E1018 /* AwakenMe.app */ = {isa = PBXFileReference; explicitFileType = wrapper.application; includeInIndex = 0; path = AwakenMe.app; sourceTree = BUILT_PRODUCTS_DIR; };
		928B0BCC2D78EC69003E1018 /* AwakenMeTests.xctest */ = {isa = PBXFileReference; explicitFileType = wrapper.cfbundle; includeInIndex = 0; path = AwakenMeTests.xctest; sourceTree = BUILT_PRODUCTS_DIR; };
		928B0BD62D78EC69003E1018 /* AwakenMeUITests.xctest */ = {isa = PBXFileReference; explicitFileType = wrapper.cfbundle; includeInIndex = 0; path = AwakenMeUITests.xctest; sourceTree = BUILT_PRODUCTS_DIR; };
/* End PBXFileReference section */

/* Begin PBXFileSystemSynchronizedBuildFileExceptionSet section */
		928B0BDE2D78EC69003E1018 /* Exceptions for "AwakenMe" folder in "AwakenMe" target */ = {
			isa = PBXFileSystemSynchronizedBuildFileExceptionSet;
			membershipExceptions = (
				Info.plist,
			);
			target = 928B0BB52D78EC67003E1018 /* AwakenMe */;
		};
/* End PBXFileSystemSynchronizedBuildFileExceptionSet section */

/* Begin PBXFileSystemSynchronizedRootGroup section */
		928B0BB82D78EC67003E1018 /* AwakenMe */ = {
			isa = PBXFileSystemSynchronizedRootGroup;
			exceptions = (
				928B0BDE2D78EC69003E1018 /* Exceptions for "AwakenMe" folder in "AwakenMe" target */,
			);
			path = AwakenMe;
			sourceTree = "<group>";
		};
		928B0BCF2D78EC69003E1018 /* AwakenMeTests */ = {
			isa = PBXFileSystemSynchronizedRootGroup;
			path = AwakenMeTests;
			sourceTree = "<group>";
		};
		928B0BD92D78EC69003E1018 /* AwakenMeUITests */ = {
			isa = PBXFileSystemSynchronizedRootGroup;
			path = AwakenMeUITests;
			sourceTree = "<group>";
		};
/* End PBXFileSystemSynchronizedRootGroup section */

/* Begin PBXFrameworksBuildPhase section */
		928B0BB32D78EC67003E1018 /* Frameworks */ = {
			isa = PBXFrameworksBuildPhase;
			buildActionMask = 2147483647;
			files = (
			);
			runOnlyForDeploymentPostprocessing = 0;
		};
		928B0BC92D78EC69003E1018 /* Frameworks */ = {
			isa = PBXFrameworksBuildPhase;
			buildActionMask = 2147483647;
			files = (
			);
			runOnlyForDeploymentPostprocessing = 0;
		};
		928B0BD32D78EC69003E1018 /* Frameworks */ = {
			isa = PBXFrameworksBuildPhase;
			buildActionMask = 2147483647;
			files = (
			);
			runOnlyForDeploymentPostprocessing = 0;
		};
/* End PBXFrameworksBuildPhase section */

/* Begin PBXGroup section */
		928B0BAD2D78EC67003E1018 = {
			isa = PBXGroup;
			children = (
				928B0BB82D78EC67003E1018 /* AwakenMe */,
				928B0BCF2D78EC69003E1018 /* AwakenMeTests */,
				928B0BD92D78EC69003E1018 /* AwakenMeUITests */,
				928B0BB72D78EC67003E1018 /* Products */,
			);
			sourceTree = "<group>";
		};
		928B0BB72D78EC67003E1018 /* Products */ = {
			isa = PBXGroup;
			children = (
				928B0BB62D78EC67003E1018 /* AwakenMe.app */,
				928B0BCC2D78EC69003E1018 /* AwakenMeTests.xctest */,
				928B0BD62D78EC69003E1018 /* AwakenMeUITests.xctest */,
			);
			name = Products;
			sourceTree = "<group>";
		};
/* End PBXGroup section */

/* Begin PBXNativeTarget section */
		928B0BB52D78EC67003E1018 /* AwakenMe */ = {
			isa = PBXNativeTarget;
			buildConfigurationList = 928B0BDF2D78EC69003E1018 /* Build configuration list for PBXNativeTarget "AwakenMe" */;
			buildPhases = (
				928B0BB22D78EC67003E1018 /* Sources */,
				928B0BB32D78EC67003E1018 /* Frameworks */,
				928B0BB42D78EC67003E1018 /* Resources */,
			);
			buildRules = (
			);
			dependencies = (
			);
			fileSystemSynchronizedGroups = (
				928B0BB82D78EC67003E1018 /* AwakenMe */,
			);
			name = AwakenMe;
			packageProductDependencies = (
			);
			productName = AwakenMe;
			productReference = 928B0BB62D78EC67003E1018 /* AwakenMe.app */;
			productType = "com.apple.product-type.application";
		};
		928B0BCB2D78EC69003E1018 /* AwakenMeTests */ = {
			isa = PBXNativeTarget;
			buildConfigurationList = 928B0BE42D78EC69003E1018 /* Build configuration list for PBXNativeTarget "AwakenMeTests" */;
			buildPhases = (
				928B0BC82D78EC69003E1018 /* Sources */,
				928B0BC92D78EC69003E1018 /* Frameworks */,
				928B0BCA2D78EC69003E1018 /* Resources */,
			);
			buildRules = (
			);
			dependencies = (
				928B0BCE2D78EC69003E1018 /* PBXTargetDependency */,
			);
			fileSystemSynchronizedGroups = (
				928B0BCF2D78EC69003E1018 /* AwakenMeTests */,
			);
			name = AwakenMeTests;
			packageProductDependencies = (
			);
			productName = AwakenMeTests;
			productReference = 928B0BCC2D78EC69003E1018 /* AwakenMeTests.xctest */;
			productType = "com.apple.product-type.bundle.unit-test";
		};
		928B0BD52D78EC69003E1018 /* AwakenMeUITests */ = {
			isa = PBXNativeTarget;
			buildConfigurationList = 928B0BE72D78EC69003E1018 /* Build configuration list for PBXNativeTarget "AwakenMeUITests" */;
			buildPhases = (
				928B0BD22D78EC69003E1018 /* Sources */,
				928B0BD32D78EC69003E1018 /* Frameworks */,
				928B0BD42D78EC69003E1018 /* Resources */,
			);
			buildRules = (
			);
			dependencies = (
				928B0BD82D78EC69003E1018 /* PBXTargetDependency */,
			);
			fileSystemSynchronizedGroups = (
				928B0BD92D78EC69003E1018 /* AwakenMeUITests */,
			);
			name = AwakenMeUITests;
			packageProductDependencies = (
			);
			productName = AwakenMeUITests;
			productReference = 928B0BD62D78EC69003E1018 /* AwakenMeUITests.xctest */;
			productType = "com.apple.product-type.bundle.ui-testing";
		};
/* End PBXNativeTarget section */

/* Begin PBXProject section */
		928B0BAE2D78EC67003E1018 /* Project object */ = {
			isa = PBXProject;
			attributes = {
				BuildIndependentTargetsInParallel = 1;
				LastSwiftUpdateCheck = 1620;
				LastUpgradeCheck = 1620;
				TargetAttributes = {
					928B0BB52D78EC67003E1018 = {
						CreatedOnToolsVersion = 16.2;
					};
					928B0BCB2D78EC69003E1018 = {
						CreatedOnToolsVersion = 16.2;
						TestTargetID = 928B0BB52D78EC67003E1018;
					};
					928B0BD52D78EC69003E1018 = {
						CreatedOnToolsVersion = 16.2;
						TestTargetID = 928B0BB52D78EC67003E1018;
					};
				};
			};
			buildConfigurationList = 928B0BB12D78EC67003E1018 /* Build configuration list for PBXProject "AwakenMe" */;
			developmentRegion = en;
			hasScannedForEncodings = 0;
			knownRegions = (
				en,
				Base,
			);
			mainGroup = 928B0BAD2D78EC67003E1018;
			minimizedProjectReferenceProxies = 1;
			preferredProjectObjectVersion = 77;
			productRefGroup = 928B0BB72D78EC67003E1018 /* Products */;
			projectDirPath = "";
			projectRoot = "";
			targets = (
				928B0BB52D78EC67003E1018 /* AwakenMe */,
				928B0BCB2D78EC69003E1018 /* AwakenMeTests */,
				928B0BD52D78EC69003E1018 /* AwakenMeUITests */,
			);
		};
/* End PBXProject section */

/* Begin PBXResourcesBuildPhase section */
		928B0BB42D78EC67003E1018 /* Resources */ = {
			isa = PBXResourcesBuildPhase;
			buildActionMask = 2147483647;
			files = (
			);
			runOnlyForDeploymentPostprocessing = 0;
		};
		928B0BCA2D78EC69003E1018 /* Resources */ = {
			isa = PBXResourcesBuildPhase;
			buildActionMask = 2147483647;
			files = (
			);
			runOnlyForDeploymentPostprocessing = 0;
		};
		928B0BD42D78EC69003E1018 /* Resources */ = {
			isa = PBXResourcesBuildPhase;
			buildActionMask = 2147483647;
			files = (
			);
			runOnlyForDeploymentPostprocessing = 0;
		};
/* End PBXResourcesBuildPhase section */

/* Begin PBXSourcesBuildPhase section */
		928B0BB22D78EC67003E1018 /* Sources */ = {
			isa = PBXSourcesBuildPhase;
			buildActionMask = 2147483647;
			files = (
			);
			runOnlyForDeploymentPostprocessing = 0;
		};
		928B0BC82D78EC69003E1018 /* Sources */ = {
			isa = PBXSourcesBuildPhase;
			buildActionMask = 2147483647;
			files = (
			);
			runOnlyForDeploymentPostprocessing = 0;
		};
		928B0BD22D78EC69003E1018 /* Sources */ = {
			isa = PBXSourcesBuildPhase;
			buildActionMask = 2147483647;
			files = (
			);
			runOnlyForDeploymentPostprocessing = 0;
		};
/* End PBXSourcesBuildPhase section */

/* Begin PBXTargetDependency section */
		928B0BCE2D78EC69003E1018 /* PBXTargetDependency */ = {
			isa = PBXTargetDependency;
			target = 928B0BB52D78EC67003E1018 /* AwakenMe */;
			targetProxy = 928B0BCD2D78EC69003E1018 /* PBXContainerItemProxy */;
		};
		928B0BD82D78EC69003E1018 /* PBXTargetDependency */ = {
			isa = PBXTargetDependency;
			target = 928B0BB52D78EC67003E1018 /* AwakenMe */;
			targetProxy = 928B0BD72D78EC69003E1018 /* PBXContainerItemProxy */;
		};
/* End PBXTargetDependency section */

/* Begin XCBuildConfiguration section */
		928B0BE02D78EC69003E1018 /* Debug */ = {
			isa = XCBuildConfiguration;
			buildSettings = {
				ASSETCATALOG_COMPILER_APPICON_NAME = AppIcon;
				ASSETCATALOG_COMPILER_GLOBAL_ACCENT_COLOR_NAME = AccentColor;
				CODE_SIGN_STYLE = Automatic;
				CURRENT_PROJECT_VERSION = 1;
				GENERATE_INFOPLIST_FILE = YES;
				INFOPLIST_FILE = AwakenMe/Info.plist;
				INFOPLIST_KEY_UIApplicationSupportsIndirectInputEvents = YES;
				INFOPLIST_KEY_UILaunchStoryboardName = LaunchScreen;
				INFOPLIST_KEY_UIMainStoryboardFile = Main;
				INFOPLIST_KEY_UISupportedInterfaceOrientations_iPad = "UIInterfaceOrientationPortrait UIInterfaceOrientationPortraitUpsideDown UIInterfaceOrientationLandscapeLeft UIInterfaceOrientationLandscapeRight";
				INFOPLIST_KEY_UISupportedInterfaceOrientations_iPhone = "UIInterfaceOrientationPortrait UIInterfaceOrientationLandscapeLeft UIInterfaceOrientationLandscapeRight";
				LD_RUNPATH_SEARCH_PATHS = (
					"$(inherited)",
					"@executable_path/Frameworks",
				);
				MARKETING_VERSION = 1.0;
				PRODUCT_BUNDLE_IDENTIFIER = com.AwakenMe;
				PRODUCT_NAME = "$(TARGET_NAME)";
				SWIFT_EMIT_LOC_STRINGS = YES;
				SWIFT_VERSION = 5.0;
				TARGETED_DEVICE_FAMILY = "1,2";
			};
			name = Debug;
		};
		928B0BE12D78EC69003E1018 /* Release */ = {
			isa = XCBuildConfiguration;
			buildSettings = {
				ASSETCATALOG_COMPILER_APPICON_NAME = AppIcon;
				ASSETCATALOG_COMPILER_GLOBAL_ACCENT_COLOR_NAME = AccentColor;
				CODE_SIGN_STYLE = Automatic;
				CURRENT_PROJECT_VERSION = 1;
				GENERATE_INFOPLIST_FILE = YES;
				INFOPLIST_FILE = AwakenMe/Info.plist;
				INFOPLIST_KEY_UIApplicationSupportsIndirectInputEvents = YES;
				INFOPLIST_KEY_UILaunchStoryboardName = LaunchScreen;
				INFOPLIST_KEY_UIMainStoryboardFile = Main;
				INFOPLIST_KEY_UISupportedInterfaceOrientations_iPad = "UIInterfaceOrientationPortrait UIInterfaceOrientationPortraitUpsideDown UIInterfaceOrientationLandscapeLeft UIInterfaceOrientationLandscapeRight";
				INFOPLIST_KEY_UISupportedInterfaceOrientations_iPhone = "UIInterfaceOrientationPortrait UIInterfaceOrientationLandscapeLeft UIInterfaceOrientationLandscapeRight";
				LD_RUNPATH_SEARCH_PATHS = (
					"$(inherited)",
					"@executable_path/Frameworks",
				);
				MARKETING_VERSION = 1.0;
				PRODUCT_BUNDLE_IDENTIFIER = com.AwakenMe;
				PRODUCT_NAME = "$(TARGET_NAME)";
				SWIFT_EMIT_LOC_STRINGS = YES;
				SWIFT_VERSION = 5.0;
				TARGETED_DEVICE_FAMILY = "1,2";
			};
			name = Release;
		};
		928B0BE22D78EC69003E1018 /* Debug */ = {
			isa = XCBuildConfiguration;
			buildSettings = {
				ALWAYS_SEARCH_USER_PATHS = NO;
				ASSETCATALOG_COMPILER_GENERATE_SWIFT_ASSET_SYMBOL_EXTENSIONS = YES;
				CLANG_ANALYZER_NONNULL = YES;
				CLANG_ANALYZER_NUMBER_OBJECT_CONVERSION = YES_AGGRESSIVE;
				CLANG_CXX_LANGUAGE_STANDARD = "gnu++20";
				CLANG_ENABLE_MODULES = YES;
				CLANG_ENABLE_OBJC_ARC = YES;
				CLANG_ENABLE_OBJC_WEAK = YES;
				CLANG_WARN_BLOCK_CAPTURE_AUTORELEASING = YES;
				CLANG_WARN_BOOL_CONVERSION = YES;
				CLANG_WARN_COMMA = YES;
				CLANG_WARN_CONSTANT_CONVERSION = YES;
				CLANG_WARN_DEPRECATED_OBJC_IMPLEMENTATIONS = YES;
				CLANG_WARN_DIRECT_OBJC_ISA_USAGE = YES_ERROR;
				CLANG_WARN_DOCUMENTATION_COMMENTS = YES;
				CLANG_WARN_EMPTY_BODY = YES;
				CLANG_WARN_ENUM_CONVERSION = YES;
				CLANG_WARN_INFINITE_RECURSION = YES;
				CLANG_WARN_INT_CONVERSION = YES;
				CLANG_WARN_NON_LITERAL_NULL_CONVERSION = YES;
				CLANG_WARN_OBJC_IMPLICIT_RETAIN_SELF = YES;
				CLANG_WARN_OBJC_LITERAL_CONVERSION = YES;
				CLANG_WARN_OBJC_ROOT_CLASS = YES_ERROR;
				CLANG_WARN_QUOTED_INCLUDE_IN_FRAMEWORK_HEADER = YES;
				CLANG_WARN_RANGE_LOOP_ANALYSIS = YES;
				CLANG_WARN_STRICT_PROTOTYPES = YES;
				CLANG_WARN_SUSPICIOUS_MOVE = YES;
				CLANG_WARN_UNGUARDED_AVAILABILITY = YES_AGGRESSIVE;
				CLANG_WARN_UNREACHABLE_CODE = YES;
				CLANG_WARN__DUPLICATE_METHOD_MATCH = YES;
				COPY_PHASE_STRIP = NO;
				DEBUG_INFORMATION_FORMAT = dwarf;
				ENABLE_STRICT_OBJC_MSGSEND = YES;
				ENABLE_TESTABILITY = YES;
				ENABLE_USER_SCRIPT_SANDBOXING = YES;
				GCC_C_LANGUAGE_STANDARD = gnu17;
				GCC_DYNAMIC_NO_PIC = NO;
				GCC_NO_COMMON_BLOCKS = YES;
				GCC_OPTIMIZATION_LEVEL = 0;
				GCC_PREPROCESSOR_DEFINITIONS = (
					"DEBUG=1",
					"$(inherited)",
				);
				GCC_WARN_64_TO_32_BIT_CONVERSION = YES;
				GCC_WARN_ABOUT_RETURN_TYPE = YES_ERROR;
				GCC_WARN_UNDECLARED_SELECTOR = YES;
				GCC_WARN_UNINITIALIZED_AUTOS = YES_AGGRESSIVE;
				GCC_WARN_UNUSED_FUNCTION = YES;
				GCC_WARN_UNUSED_VARIABLE = YES;
				IPHONEOS_DEPLOYMENT_TARGET = 18.2;
				LOCALIZATION_PREFERS_STRING_CATALOGS = YES;
				MTL_ENABLE_DEBUG_INFO = INCLUDE_SOURCE;
				MTL_FAST_MATH = YES;
				ONLY_ACTIVE_ARCH = YES;
				SDKROOT = iphoneos;
				SWIFT_ACTIVE_COMPILATION_CONDITIONS = "DEBUG $(inherited)";
				SWIFT_OPTIMIZATION_LEVEL = "-Onone";
			};
			name = Debug;
		};
		928B0BE32D78EC69003E1018 /* Release */ = {
			isa = XCBuildConfiguration;
			buildSettings = {
				ALWAYS_SEARCH_USER_PATHS = NO;
				ASSETCATALOG_COMPILER_GENERATE_SWIFT_ASSET_SYMBOL_EXTENSIONS = YES;
				CLANG_ANALYZER_NONNULL = YES;
				CLANG_ANALYZER_NUMBER_OBJECT_CONVERSION = YES_AGGRESSIVE;
				CLANG_CXX_LANGUAGE_STANDARD = "gnu++20";
				CLANG_ENABLE_MODULES = YES;
				CLANG_ENABLE_OBJC_ARC = YES;
				CLANG_ENABLE_OBJC_WEAK = YES;
				CLANG_WARN_BLOCK_CAPTURE_AUTORELEASING = YES;
				CLANG_WARN_BOOL_CONVERSION = YES;
				CLANG_WARN_COMMA = YES;
				CLANG_WARN_CONSTANT_CONVERSION = YES;
				CLANG_WARN_DEPRECATED_OBJC_IMPLEMENTATIONS = YES;
				CLANG_WARN_DIRECT_OBJC_ISA_USAGE = YES_ERROR;
				CLANG_WARN_DOCUMENTATION_COMMENTS = YES;
				CLANG_WARN_EMPTY_BODY = YES;
				CLANG_WARN_ENUM_CONVERSION = YES;
				CLANG_WARN_INFINITE_RECURSION = YES;
				CLANG_WARN_INT_CONVERSION = YES;
				CLANG_WARN_NON_LITERAL_NULL_CONVERSION = YES;
				CLANG_WARN_OBJC_IMPLICIT_RETAIN_SELF = YES;
				CLANG_WARN_OBJC_LITERAL_CONVERSION = YES;
				CLANG_WARN_OBJC_ROOT_CLASS = YES_ERROR;
				CLANG_WARN_QUOTED_INCLUDE_IN_FRAMEWORK_HEADER = YES;
				CLANG_WARN_RANGE_LOOP_ANALYSIS = YES;
				CLANG_WARN_STRICT_PROTOTYPES = YES;
				CLANG_WARN_SUSPICIOUS_MOVE = YES;
				CLANG_WARN_UNGUARDED_AVAILABILITY = YES_AGGRESSIVE;
				CLANG_WARN_UNREACHABLE_CODE = YES;
				CLANG_WARN__DUPLICATE_METHOD_MATCH = YES;
				COPY_PHASE_STRIP = NO;
				DEBUG_INFORMATION_FORMAT = "dwarf-with-dsym";
				ENABLE_NS_ASSERTIONS = NO;
				ENABLE_STRICT_OBJC_MSGSEND = YES;
				ENABLE_USER_SCRIPT_SANDBOXING = YES;
				GCC_C_LANGUAGE_STANDARD = gnu17;
				GCC_NO_COMMON_BLOCKS = YES;
				GCC_WARN_64_TO_32_BIT_CONVERSION = YES;
				GCC_WARN_ABOUT_RETURN_TYPE = YES_ERROR;
				GCC_WARN_UNDECLARED_SELECTOR = YES;
				GCC_WARN_UNINITIALIZED_AUTOS = YES_AGGRESSIVE;
				GCC_WARN_UNUSED_FUNCTION = YES;
				GCC_WARN_UNUSED_VARIABLE = YES;
				IPHONEOS_DEPLOYMENT_TARGET = 18.2;
				LOCALIZATION_PREFERS_STRING_CATALOGS = YES;
				MTL_ENABLE_DEBUG_INFO = NO;
				MTL_FAST_MATH = YES;
				SDKROOT = iphoneos;
				SWIFT_COMPILATION_MODE = wholemodule;
				VALIDATE_PRODUCT = YES;
			};
			name = Release;
		};
		928B0BE52D78EC69003E1018 /* Debug */ = {
			isa = XCBuildConfiguration;
			buildSettings = {
				BUNDLE_LOADER = "$(TEST_HOST)";
				CODE_SIGN_STYLE = Automatic;
				CURRENT_PROJECT_VERSION = 1;
				GENERATE_INFOPLIST_FILE = YES;
				IPHONEOS_DEPLOYMENT_TARGET = 18.2;
				MARKETING_VERSION = 1.0;
				PRODUCT_BUNDLE_IDENTIFIER = com.AwakenMeTests;
				PRODUCT_NAME = "$(TARGET_NAME)";
				SWIFT_EMIT_LOC_STRINGS = NO;
				SWIFT_VERSION = 5.0;
				TARGETED_DEVICE_FAMILY = "1,2";
				TEST_HOST = "$(BUILT_PRODUCTS_DIR)/AwakenMe.app/$(BUNDLE_EXECUTABLE_FOLDER_PATH)/AwakenMe";
			};
			name = Debug;
		};
		928B0BE62D78EC69003E1018 /* Release */ = {
			isa = XCBuildConfiguration;
			buildSettings = {
				BUNDLE_LOADER = "$(TEST_HOST)";
				CODE_SIGN_STYLE = Automatic;
				CURRENT_PROJECT_VERSION = 1;
				GENERATE_INFOPLIST_FILE = YES;
				IPHONEOS_DEPLOYMENT_TARGET = 18.2;
				MARKETING_VERSION = 1.0;
				PRODUCT_BUNDLE_IDENTIFIER = com.AwakenMeTests;
				PRODUCT_NAME = "$(TARGET_NAME)";
				SWIFT_EMIT_LOC_STRINGS = NO;
				SWIFT_VERSION = 5.0;
				TARGETED_DEVICE_FAMILY = "1,2";
				TEST_HOST = "$(BUILT_PRODUCTS_DIR)/AwakenMe.app/$(BUNDLE_EXECUTABLE_FOLDER_PATH)/AwakenMe";
			};
			name = Release;
		};
		928B0BE82D78EC69003E1018 /* Debug */ = {
			isa = XCBuildConfiguration;
			buildSettings = {
				CODE_SIGN_STYLE = Automatic;
				CURRENT_PROJECT_VERSION = 1;
				GENERATE_INFOPLIST_FILE = YES;
				MARKETING_VERSION = 1.0;
				PRODUCT_BUNDLE_IDENTIFIER = com.AwakenMeUITests;
				PRODUCT_NAME = "$(TARGET_NAME)";
				SWIFT_EMIT_LOC_STRINGS = NO;
				SWIFT_VERSION = 5.0;
				TARGETED_DEVICE_FAMILY = "1,2";
				TEST_TARGET_NAME = AwakenMe;
			};
			name = Debug;
		};
		928B0BE92D78EC69003E1018 /* Release */ = {
			isa = XCBuildConfiguration;
			buildSettings = {
				CODE_SIGN_STYLE = Automatic;
				CURRENT_PROJECT_VERSION = 1;
				GENERATE_INFOPLIST_FILE = YES;
				MARKETING_VERSION = 1.0;
				PRODUCT_BUNDLE_IDENTIFIER = com.AwakenMeUITests;
				PRODUCT_NAME = "$(TARGET_NAME)";
				SWIFT_EMIT_LOC_STRINGS = NO;
				SWIFT_VERSION = 5.0;
				TARGETED_DEVICE_FAMILY = "1,2";
				TEST_TARGET_NAME = AwakenMe;
			};
			name = Release;
		};
/* End XCBuildConfiguration section */

/* Begin XCConfigurationList section */
		928B0BB12D78EC67003E1018 /* Build configuration list for PBXProject "AwakenMe" */ = {
			isa = XCConfigurationList;
			buildConfigurations = (
				928B0BE22D78EC69003E1018 /* Debug */,
				928B0BE32D78EC69003E1018 /* Release */,
			);
			defaultConfigurationIsVisible = 0;
			defaultConfigurationName = Release;
		};
		928B0BDF2D78EC69003E1018 /* Build configuration list for PBXNativeTarget "AwakenMe" */ = {
			isa = XCConfigurationList;
			buildConfigurations = (
				928B0BE02D78EC69003E1018 /* Debug */,
				928B0BE12D78EC69003E1018 /* Release */,
			);
			defaultConfigurationIsVisible = 0;
			defaultConfigurationName = Release;
		};
		928B0BE42D78EC69003E1018 /* Build configuration list for PBXNativeTarget "AwakenMeTests" */ = {
			isa = XCConfigurationList;
			buildConfigurations = (
				928B0BE52D78EC69003E1018 /* Debug */,
				928B0BE62D78EC69003E1018 /* Release */,
			);
			defaultConfigurationIsVisible = 0;
			defaultConfigurationName = Release;
		};
		928B0BE72D78EC69003E1018 /* Build configuration list for PBXNativeTarget "AwakenMeUITests" */ = {
			isa = XCConfigurationList;
			buildConfigurations = (
				928B0BE82D78EC69003E1018 /* Debug */,
				928B0BE92D78EC69003E1018 /* Release */,
			);
			defaultConfigurationIsVisible = 0;
			defaultConfigurationName = Release;
		};
/* End XCConfigurationList section */
	};
	rootObject = 928B0BAE2D78EC67003E1018 /* Project object */;
}
